
Microsoft Visual Studio Solution File, Format Version 12.00
# Visual Studio 15
VisualStudioVersion = 15.0.28010.2036
MinimumVisualStudioVersion = 10.0.40219.1
Project("{FAE04EC0-301F-11D3-BF4B-00C04F79EFBC}") = "GC_Lab02", "GC_Lab02\GC_Lab02.csproj", "{762C4B78-7E3A-46E7-9AFB-26852912E39A}"
EndProject
Global
	GlobalSection(SolutionConfigurationPlatforms) = preSolution
		Debug|Any CPU = Debug|Any CPU
		Release|Any CPU = Release|Any CPU
	EndGlobalSection
	GlobalSection(ProjectConfigurationPlatforms) = postSolution
		{762C4B78-7E3A-46E7-9AFB-26852912E39A}.Debug|Any CPU.ActiveCfg = Debug|Any CPU
		{762C4B78-7E3A-46E7-9AFB-26852912E39A}.Debug|Any CPU.Build.0 = Debug|Any CPU
		{762C4B78-7E3A-46E7-9AFB-26852912E39A}.Release|Any CPU.ActiveCfg = Release|Any CPU
		{762C4B78-7E3A-46E7-9AFB-26852912E39A}.Release|Any CPU.Build.0 = Release|Any CPU
	EndGlobalSection
	GlobalSection(SolutionProperties) = preSolution
		HideSolutionNode = FALSE
	EndGlobalSection
	GlobalSection(ExtensibilityGlobals) = postSolution
		SolutionGuid = {2AFBD6DE-7A82-4191-A221-1315EF593B2B}
	EndGlobalSection
EndGlobal
